// !$*UTF8*$!
{
	archiveVersion = 1;
	classes = {
	};
	objectVersion = 46;
	objects = {

/* Begin PBXBuildFile section */
		263F78D91593E44700AB09B8 /* Foundation.framework in Frameworks */ = {isa = PBXBuildFile; fileRef = 263F78D81593E44700AB09B8 /* Foundation.framework */; };
		263F78DB1593E44700AB09B8 /* UIKit.framework in Frameworks */ = {isa = PBXBuildFile; fileRef = 263F78DA1593E44700AB09B8 /* UIKit.framework */; };
		263F78DD1593E44700AB09B8 /* CFNetwork.framework in Frameworks */ = {isa = PBXBuildFile; fileRef = 263F78DC1593E44700AB09B8 /* CFNetwork.framework */; };
		263F78DF1593E44700AB09B8 /* CoreGraphics.framework in Frameworks */ = {isa = PBXBuildFile; fileRef = 263F78DE1593E44700AB09B8 /* CoreGraphics.framework */; };
		263F78E11593E44700AB09B8 /* CoreLocation.framework in Frameworks */ = {isa = PBXBuildFile; fileRef = 263F78E01593E44700AB09B8 /* CoreLocation.framework */; };
		263F78E31593E44700AB09B8 /* CoreMedia.framework in Frameworks */ = {isa = PBXBuildFile; fileRef = 263F78E21593E44700AB09B8 /* CoreMedia.framework */; };
		263F78E51593E44700AB09B8 /* QuartzCore.framework in Frameworks */ = {isa = PBXBuildFile; fileRef = 263F78E41593E44700AB09B8 /* QuartzCore.framework */; };
		263F78E71593E44700AB09B8 /* Security.framework in Frameworks */ = {isa = PBXBuildFile; fileRef = 263F78E61593E44700AB09B8 /* Security.framework */; };
		263F78E91593E44700AB09B8 /* MobileCoreServices.framework in Frameworks */ = {isa = PBXBuildFile; fileRef = 263F78E81593E44700AB09B8 /* MobileCoreServices.framework */; };
		263F78EB1593E44700AB09B8 /* AddressBook.framework in Frameworks */ = {isa = PBXBuildFile; fileRef = 263F78EA1593E44700AB09B8 /* AddressBook.framework */; };
		263F78ED1593E44700AB09B8 /* AddressBookUI.framework in Frameworks */ = {isa = PBXBuildFile; fileRef = 263F78EC1593E44700AB09B8 /* AddressBookUI.framework */; };
		263F78EF1593E44700AB09B8 /* AudioToolbox.framework in Frameworks */ = {isa = PBXBuildFile; fileRef = 263F78EE1593E44700AB09B8 /* AudioToolbox.framework */; };
		263F78F11593E44700AB09B8 /* AVFoundation.framework in Frameworks */ = {isa = PBXBuildFile; fileRef = 263F78F01593E44700AB09B8 /* AVFoundation.framework */; };
		263F78F31593E44700AB09B8 /* MediaPlayer.framework in Frameworks */ = {isa = PBXBuildFile; fileRef = 263F78F21593E44700AB09B8 /* MediaPlayer.framework */; };
		263F78F51593E44700AB09B8 /* SystemConfiguration.framework in Frameworks */ = {isa = PBXBuildFile; fileRef = 263F78F41593E44700AB09B8 /* SystemConfiguration.framework */; };
		263F78FB1593E44700AB09B8 /* InfoPlist.strings in Resources */ = {isa = PBXBuildFile; fileRef = 263F78F91593E44700AB09B8 /* InfoPlist.strings */; };
		263F78FD1593E44700AB09B8 /* main.m in Sources */ = {isa = PBXBuildFile; fileRef = 263F78FC1593E44700AB09B8 /* main.m */; };
		263F78FF1593E44700AB09B8 /* Contact-Viewer-iOS-Prefix.pch in Resources */ = {isa = PBXBuildFile; fileRef = 263F78FE1593E44700AB09B8 /* Contact-Viewer-iOS-Prefix.pch */; };
		263F791E1593E44900AB09B8 /* SalesforceHybridSDK.framework in Frameworks */ = {isa = PBXBuildFile; fileRef = 263F791D1593E44900AB09B8 /* SalesforceHybridSDK.framework */; };
		263F79201593E44900AB09B8 /* libz.dylib in Frameworks */ = {isa = PBXBuildFile; fileRef = 263F791F1593E44900AB09B8 /* libz.dylib */; };
		263F79241593E44900AB09B8 /* icon-72.png in Resources */ = {isa = PBXBuildFile; fileRef = 263F79231593E44900AB09B8 /* icon-72.png */; };
		263F79261593E44900AB09B8 /* icon.png in Resources */ = {isa = PBXBuildFile; fileRef = 263F79251593E44900AB09B8 /* icon.png */; };
		263F79281593E44900AB09B8 /* icon@2x.png in Resources */ = {isa = PBXBuildFile; fileRef = 263F79271593E44900AB09B8 /* icon@2x.png */; };
		263F792B1593E44900AB09B8 /* Default-Landscape~ipad.png in Resources */ = {isa = PBXBuildFile; fileRef = 263F792A1593E44900AB09B8 /* Default-Landscape~ipad.png */; };
		263F792D1593E44900AB09B8 /* Default-Portrait~ipad.png in Resources */ = {isa = PBXBuildFile; fileRef = 263F792C1593E44900AB09B8 /* Default-Portrait~ipad.png */; };
		263F792F1593E44900AB09B8 /* Default.png in Resources */ = {isa = PBXBuildFile; fileRef = 263F792E1593E44900AB09B8 /* Default.png */; };
		263F79311593E44900AB09B8 /* Default@2x.png in Resources */ = {isa = PBXBuildFile; fileRef = 263F79301593E44900AB09B8 /* Default@2x.png */; };
		263F79331593E44900AB09B8 /* Default~iPad.png in Resources */ = {isa = PBXBuildFile; fileRef = 263F79321593E44900AB09B8 /* Default~iPad.png */; };
		263F79391593E44900AB09B8 /* AppDelegate.m in Sources */ = {isa = PBXBuildFile; fileRef = 263F79381593E44900AB09B8 /* AppDelegate.m */; };
		263F793E1593E44900AB09B8 /* PhoneGap.plist in Resources */ = {isa = PBXBuildFile; fileRef = 263F793D1593E44900AB09B8 /* PhoneGap.plist */; };
		263F79401593E44900AB09B8 /* Settings.bundle in Resources */ = {isa = PBXBuildFile; fileRef = 263F793F1593E44900AB09B8 /* Settings.bundle */; };
		263F79421593E44A00AB09B8 /* PhoneGapResources.bundle in Resources */ = {isa = PBXBuildFile; fileRef = 263F79411593E44A00AB09B8 /* PhoneGapResources.bundle */; };
		26B3CE3A15ACB2EC00A8859D /* main.m in Sources */ = {isa = PBXBuildFile; fileRef = 263F78FC1593E44700AB09B8 /* main.m */; };
		26B3CE3B15ACB2EC00A8859D /* AppDelegate.m in Sources */ = {isa = PBXBuildFile; fileRef = 263F79381593E44900AB09B8 /* AppDelegate.m */; };
		26B3CE3D15ACB2EC00A8859D /* Foundation.framework in Frameworks */ = {isa = PBXBuildFile; fileRef = 263F78D81593E44700AB09B8 /* Foundation.framework */; };
		26B3CE3E15ACB2EC00A8859D /* UIKit.framework in Frameworks */ = {isa = PBXBuildFile; fileRef = 263F78DA1593E44700AB09B8 /* UIKit.framework */; };
		26B3CE3F15ACB2EC00A8859D /* CFNetwork.framework in Frameworks */ = {isa = PBXBuildFile; fileRef = 263F78DC1593E44700AB09B8 /* CFNetwork.framework */; };
		26B3CE4015ACB2EC00A8859D /* CoreGraphics.framework in Frameworks */ = {isa = PBXBuildFile; fileRef = 263F78DE1593E44700AB09B8 /* CoreGraphics.framework */; };
		26B3CE4115ACB2EC00A8859D /* CoreLocation.framework in Frameworks */ = {isa = PBXBuildFile; fileRef = 263F78E01593E44700AB09B8 /* CoreLocation.framework */; };
		26B3CE4215ACB2EC00A8859D /* CoreMedia.framework in Frameworks */ = {isa = PBXBuildFile; fileRef = 263F78E21593E44700AB09B8 /* CoreMedia.framework */; };
		26B3CE4315ACB2EC00A8859D /* QuartzCore.framework in Frameworks */ = {isa = PBXBuildFile; fileRef = 263F78E41593E44700AB09B8 /* QuartzCore.framework */; };
		26B3CE4415ACB2EC00A8859D /* Security.framework in Frameworks */ = {isa = PBXBuildFile; fileRef = 263F78E61593E44700AB09B8 /* Security.framework */; };
		26B3CE4515ACB2EC00A8859D /* MobileCoreServices.framework in Frameworks */ = {isa = PBXBuildFile; fileRef = 263F78E81593E44700AB09B8 /* MobileCoreServices.framework */; };
		26B3CE4615ACB2EC00A8859D /* AddressBook.framework in Frameworks */ = {isa = PBXBuildFile; fileRef = 263F78EA1593E44700AB09B8 /* AddressBook.framework */; };
		26B3CE4715ACB2EC00A8859D /* AddressBookUI.framework in Frameworks */ = {isa = PBXBuildFile; fileRef = 263F78EC1593E44700AB09B8 /* AddressBookUI.framework */; };
		26B3CE4815ACB2EC00A8859D /* AudioToolbox.framework in Frameworks */ = {isa = PBXBuildFile; fileRef = 263F78EE1593E44700AB09B8 /* AudioToolbox.framework */; };
		26B3CE4915ACB2EC00A8859D /* AVFoundation.framework in Frameworks */ = {isa = PBXBuildFile; fileRef = 263F78F01593E44700AB09B8 /* AVFoundation.framework */; };
		26B3CE4A15ACB2EC00A8859D /* MediaPlayer.framework in Frameworks */ = {isa = PBXBuildFile; fileRef = 263F78F21593E44700AB09B8 /* MediaPlayer.framework */; };
		26B3CE4B15ACB2EC00A8859D /* SystemConfiguration.framework in Frameworks */ = {isa = PBXBuildFile; fileRef = 263F78F41593E44700AB09B8 /* SystemConfiguration.framework */; };
		26B3CE4C15ACB2EC00A8859D /* SalesforceHybridSDK.framework in Frameworks */ = {isa = PBXBuildFile; fileRef = 263F791D1593E44900AB09B8 /* SalesforceHybridSDK.framework */; };
		26B3CE4D15ACB2EC00A8859D /* libz.dylib in Frameworks */ = {isa = PBXBuildFile; fileRef = 263F791F1593E44900AB09B8 /* libz.dylib */; };
		26B3CE4F15ACB2EC00A8859D /* InfoPlist.strings in Resources */ = {isa = PBXBuildFile; fileRef = 263F78F91593E44700AB09B8 /* InfoPlist.strings */; };
		26B3CE5015ACB2EC00A8859D /* Contact-Viewer-iOS-Prefix.pch in Resources */ = {isa = PBXBuildFile; fileRef = 263F78FE1593E44700AB09B8 /* Contact-Viewer-iOS-Prefix.pch */; };
		26B3CE5115ACB2EC00A8859D /* icon-72.png in Resources */ = {isa = PBXBuildFile; fileRef = 263F79231593E44900AB09B8 /* icon-72.png */; };
		26B3CE5215ACB2EC00A8859D /* icon.png in Resources */ = {isa = PBXBuildFile; fileRef = 263F79251593E44900AB09B8 /* icon.png */; };
		26B3CE5315ACB2EC00A8859D /* icon@2x.png in Resources */ = {isa = PBXBuildFile; fileRef = 263F79271593E44900AB09B8 /* icon@2x.png */; };
		26B3CE5415ACB2EC00A8859D /* Default-Landscape~ipad.png in Resources */ = {isa = PBXBuildFile; fileRef = 263F792A1593E44900AB09B8 /* Default-Landscape~ipad.png */; };
		26B3CE5515ACB2EC00A8859D /* Default-Portrait~ipad.png in Resources */ = {isa = PBXBuildFile; fileRef = 263F792C1593E44900AB09B8 /* Default-Portrait~ipad.png */; };
		26B3CE5615ACB2EC00A8859D /* Default.png in Resources */ = {isa = PBXBuildFile; fileRef = 263F792E1593E44900AB09B8 /* Default.png */; };
		26B3CE5715ACB2EC00A8859D /* Default@2x.png in Resources */ = {isa = PBXBuildFile; fileRef = 263F79301593E44900AB09B8 /* Default@2x.png */; };
		26B3CE5815ACB2EC00A8859D /* Default~iPad.png in Resources */ = {isa = PBXBuildFile; fileRef = 263F79321593E44900AB09B8 /* Default~iPad.png */; };
		26B3CE5B15ACB2EC00A8859D /* PhoneGap.plist in Resources */ = {isa = PBXBuildFile; fileRef = 263F793D1593E44900AB09B8 /* PhoneGap.plist */; };
		26B3CE5C15ACB2EC00A8859D /* Settings.bundle in Resources */ = {isa = PBXBuildFile; fileRef = 263F793F1593E44900AB09B8 /* Settings.bundle */; };
		26B3CE5D15ACB2EC00A8859D /* PhoneGapResources.bundle in Resources */ = {isa = PBXBuildFile; fileRef = 263F79411593E44A00AB09B8 /* PhoneGapResources.bundle */; };
		26E249DA15AE364700B2BA60 /* libTestFlight.a in Frameworks */ = {isa = PBXBuildFile; fileRef = 26E249D615AE364700B2BA60 /* libTestFlight.a */; };
		26E249DB15AE364700B2BA60 /* libTestFlight.a in Frameworks */ = {isa = PBXBuildFile; fileRef = 26E249D615AE364700B2BA60 /* libTestFlight.a */; };
/* End PBXBuildFile section */

/* Begin PBXCopyFilesBuildPhase section */
		263F78D21593E44600AB09B8 /* CopyFiles */ = {
			isa = PBXCopyFilesBuildPhase;
			buildActionMask = 2147483647;
			dstPath = www;
			dstSubfolderSpec = 7;
			files = (
			);
			runOnlyForDeploymentPostprocessing = 0;
		};
		26B3CE5F15ACB2EC00A8859D /* CopyFiles */ = {
			isa = PBXCopyFilesBuildPhase;
			buildActionMask = 2147483647;
			dstPath = www;
			dstSubfolderSpec = 7;
			files = (
			);
			runOnlyForDeploymentPostprocessing = 0;
		};
/* End PBXCopyFilesBuildPhase section */

/* Begin PBXFileReference section */
		263F78D41593E44700AB09B8 /* Contacts.app */ = {isa = PBXFileReference; explicitFileType = wrapper.application; includeInIndex = 0; path = Contacts.app; sourceTree = BUILT_PRODUCTS_DIR; };
		263F78D81593E44700AB09B8 /* Foundation.framework */ = {isa = PBXFileReference; lastKnownFileType = wrapper.framework; name = Foundation.framework; path = System/Library/Frameworks/Foundation.framework; sourceTree = SDKROOT; };
		263F78DA1593E44700AB09B8 /* UIKit.framework */ = {isa = PBXFileReference; lastKnownFileType = wrapper.framework; name = UIKit.framework; path = System/Library/Frameworks/UIKit.framework; sourceTree = SDKROOT; };
		263F78DC1593E44700AB09B8 /* CFNetwork.framework */ = {isa = PBXFileReference; lastKnownFileType = wrapper.framework; name = CFNetwork.framework; path = System/Library/Frameworks/CFNetwork.framework; sourceTree = SDKROOT; };
		263F78DE1593E44700AB09B8 /* CoreGraphics.framework */ = {isa = PBXFileReference; lastKnownFileType = wrapper.framework; name = CoreGraphics.framework; path = System/Library/Frameworks/CoreGraphics.framework; sourceTree = SDKROOT; };
		263F78E01593E44700AB09B8 /* CoreLocation.framework */ = {isa = PBXFileReference; lastKnownFileType = wrapper.framework; name = CoreLocation.framework; path = System/Library/Frameworks/CoreLocation.framework; sourceTree = SDKROOT; };
		263F78E21593E44700AB09B8 /* CoreMedia.framework */ = {isa = PBXFileReference; lastKnownFileType = wrapper.framework; name = CoreMedia.framework; path = System/Library/Frameworks/CoreMedia.framework; sourceTree = SDKROOT; };
		263F78E41593E44700AB09B8 /* QuartzCore.framework */ = {isa = PBXFileReference; lastKnownFileType = wrapper.framework; name = QuartzCore.framework; path = System/Library/Frameworks/QuartzCore.framework; sourceTree = SDKROOT; };
		263F78E61593E44700AB09B8 /* Security.framework */ = {isa = PBXFileReference; lastKnownFileType = wrapper.framework; name = Security.framework; path = System/Library/Frameworks/Security.framework; sourceTree = SDKROOT; };
		263F78E81593E44700AB09B8 /* MobileCoreServices.framework */ = {isa = PBXFileReference; lastKnownFileType = wrapper.framework; name = MobileCoreServices.framework; path = System/Library/Frameworks/MobileCoreServices.framework; sourceTree = SDKROOT; };
		263F78EA1593E44700AB09B8 /* AddressBook.framework */ = {isa = PBXFileReference; lastKnownFileType = wrapper.framework; name = AddressBook.framework; path = System/Library/Frameworks/AddressBook.framework; sourceTree = SDKROOT; };
		263F78EC1593E44700AB09B8 /* AddressBookUI.framework */ = {isa = PBXFileReference; lastKnownFileType = wrapper.framework; name = AddressBookUI.framework; path = System/Library/Frameworks/AddressBookUI.framework; sourceTree = SDKROOT; };
		263F78EE1593E44700AB09B8 /* AudioToolbox.framework */ = {isa = PBXFileReference; lastKnownFileType = wrapper.framework; name = AudioToolbox.framework; path = System/Library/Frameworks/AudioToolbox.framework; sourceTree = SDKROOT; };
		263F78F01593E44700AB09B8 /* AVFoundation.framework */ = {isa = PBXFileReference; lastKnownFileType = wrapper.framework; name = AVFoundation.framework; path = System/Library/Frameworks/AVFoundation.framework; sourceTree = SDKROOT; };
		263F78F21593E44700AB09B8 /* MediaPlayer.framework */ = {isa = PBXFileReference; lastKnownFileType = wrapper.framework; name = MediaPlayer.framework; path = System/Library/Frameworks/MediaPlayer.framework; sourceTree = SDKROOT; };
		263F78F41593E44700AB09B8 /* SystemConfiguration.framework */ = {isa = PBXFileReference; lastKnownFileType = wrapper.framework; name = SystemConfiguration.framework; path = System/Library/Frameworks/SystemConfiguration.framework; sourceTree = SDKROOT; };
		263F78FA1593E44700AB09B8 /* en */ = {isa = PBXFileReference; lastKnownFileType = text.plist.strings; name = en; path = en.lproj/InfoPlist.strings; sourceTree = "<group>"; };
		263F78FC1593E44700AB09B8 /* main.m */ = {isa = PBXFileReference; lastKnownFileType = sourcecode.c.objc; path = main.m; sourceTree = "<group>"; };
		263F78FE1593E44700AB09B8 /* Contact-Viewer-iOS-Prefix.pch */ = {isa = PBXFileReference; lastKnownFileType = sourcecode.c.h; path = "Contact-Viewer-iOS-Prefix.pch"; sourceTree = "<group>"; };
		263F791D1593E44900AB09B8 /* SalesforceHybridSDK.framework */ = {isa = PBXFileReference; lastKnownFileType = wrapper.framework; name = SalesforceHybridSDK.framework; path = "Contact-Viewer-iOS/SalesforceHybridSDK.framework"; sourceTree = "<group>"; };
		263F791F1593E44900AB09B8 /* libz.dylib */ = {isa = PBXFileReference; lastKnownFileType = "compiled.mach-o.dylib"; name = libz.dylib; path = /usr/lib/libz.dylib; sourceTree = DEVELOPER_DIR; };
		263F79231593E44900AB09B8 /* icon-72.png */ = {isa = PBXFileReference; lastKnownFileType = image.png; name = "icon-72.png"; path = "Resources/icons/icon-72.png"; sourceTree = "<group>"; };
		263F79251593E44900AB09B8 /* icon.png */ = {isa = PBXFileReference; lastKnownFileType = image.png; name = icon.png; path = Resources/icons/icon.png; sourceTree = "<group>"; };
		263F79271593E44900AB09B8 /* icon@2x.png */ = {isa = PBXFileReference; lastKnownFileType = image.png; name = "icon@2x.png"; path = "Resources/icons/icon@2x.png"; sourceTree = "<group>"; };
		263F792A1593E44900AB09B8 /* Default-Landscape~ipad.png */ = {isa = PBXFileReference; lastKnownFileType = image.png; name = "Default-Landscape~ipad.png"; path = "Resources/splash/Default-Landscape~ipad.png"; sourceTree = "<group>"; };
		263F792C1593E44900AB09B8 /* Default-Portrait~ipad.png */ = {isa = PBXFileReference; lastKnownFileType = image.png; name = "Default-Portrait~ipad.png"; path = "Resources/splash/Default-Portrait~ipad.png"; sourceTree = "<group>"; };
		263F792E1593E44900AB09B8 /* Default.png */ = {isa = PBXFileReference; lastKnownFileType = image.png; name = Default.png; path = Resources/splash/Default.png; sourceTree = "<group>"; };
		263F79301593E44900AB09B8 /* Default@2x.png */ = {isa = PBXFileReference; lastKnownFileType = image.png; name = "Default@2x.png"; path = "Resources/splash/Default@2x.png"; sourceTree = "<group>"; };
		263F79321593E44900AB09B8 /* Default~iPad.png */ = {isa = PBXFileReference; lastKnownFileType = image.png; name = "Default~iPad.png"; path = "Resources/splash/Default~iPad.png"; sourceTree = "<group>"; };
		263F79371593E44900AB09B8 /* AppDelegate.h */ = {isa = PBXFileReference; lastKnownFileType = sourcecode.c.h; name = AppDelegate.h; path = Classes/AppDelegate.h; sourceTree = "<group>"; };
		263F79381593E44900AB09B8 /* AppDelegate.m */ = {isa = PBXFileReference; lastKnownFileType = sourcecode.c.objc; name = AppDelegate.m; path = Classes/AppDelegate.m; sourceTree = "<group>"; };
		263F793D1593E44900AB09B8 /* PhoneGap.plist */ = {isa = PBXFileReference; lastKnownFileType = text.plist.xml; path = PhoneGap.plist; sourceTree = "<group>"; };
		263F793F1593E44900AB09B8 /* Settings.bundle */ = {isa = PBXFileReference; lastKnownFileType = "wrapper.plug-in"; path = Settings.bundle; sourceTree = "<group>"; };
		263F79411593E44A00AB09B8 /* PhoneGapResources.bundle */ = {isa = PBXFileReference; lastKnownFileType = "wrapper.plug-in"; path = PhoneGapResources.bundle; sourceTree = "<group>"; };
		26B3CE6315ACB2EC00A8859D /* Contacts.app */ = {isa = PBXFileReference; explicitFileType = wrapper.application; includeInIndex = 0; path = Contacts.app; sourceTree = BUILT_PRODUCTS_DIR; };
		26B3CE7A15ACCE9200A8859D /* Contact-Viewer-iOS-Info.plist */ = {isa = PBXFileReference; lastKnownFileType = text.plist.xml; path = "Contact-Viewer-iOS-Info.plist"; sourceTree = "<group>"; };
		26E249D615AE364700B2BA60 /* libTestFlight.a */ = {isa = PBXFileReference; lastKnownFileType = archive.ar; path = libTestFlight.a; sourceTree = "<group>"; };
		26E249D715AE364700B2BA60 /* README.txt */ = {isa = PBXFileReference; fileEncoding = 4; lastKnownFileType = text; path = README.txt; sourceTree = "<group>"; };
		26E249D815AE364700B2BA60 /* release_notes.txt */ = {isa = PBXFileReference; fileEncoding = 4; lastKnownFileType = text; path = release_notes.txt; sourceTree = "<group>"; };
		26E249D915AE364700B2BA60 /* TestFlight.h */ = {isa = PBXFileReference; fileEncoding = 4; lastKnownFileType = sourcecode.c.h; path = TestFlight.h; sourceTree = "<group>"; };
/* End PBXFileReference section */

/* Begin PBXFrameworksBuildPhase section */
		263F78CF1593E44600AB09B8 /* Frameworks */ = {
			isa = PBXFrameworksBuildPhase;
			buildActionMask = 2147483647;
			files = (
				263F78D91593E44700AB09B8 /* Foundation.framework in Frameworks */,
				263F78DB1593E44700AB09B8 /* UIKit.framework in Frameworks */,
				263F78DD1593E44700AB09B8 /* CFNetwork.framework in Frameworks */,
				263F78DF1593E44700AB09B8 /* CoreGraphics.framework in Frameworks */,
				263F78E11593E44700AB09B8 /* CoreLocation.framework in Frameworks */,
				263F78E31593E44700AB09B8 /* CoreMedia.framework in Frameworks */,
				263F78E51593E44700AB09B8 /* QuartzCore.framework in Frameworks */,
				263F78E71593E44700AB09B8 /* Security.framework in Frameworks */,
				263F78E91593E44700AB09B8 /* MobileCoreServices.framework in Frameworks */,
				263F78EB1593E44700AB09B8 /* AddressBook.framework in Frameworks */,
				263F78ED1593E44700AB09B8 /* AddressBookUI.framework in Frameworks */,
				263F78EF1593E44700AB09B8 /* AudioToolbox.framework in Frameworks */,
				263F78F11593E44700AB09B8 /* AVFoundation.framework in Frameworks */,
				263F78F31593E44700AB09B8 /* MediaPlayer.framework in Frameworks */,
				263F78F51593E44700AB09B8 /* SystemConfiguration.framework in Frameworks */,
				263F791E1593E44900AB09B8 /* SalesforceHybridSDK.framework in Frameworks */,
				263F79201593E44900AB09B8 /* libz.dylib in Frameworks */,
				26E249DB15AE364700B2BA60 /* libTestFlight.a in Frameworks */,
			);
			runOnlyForDeploymentPostprocessing = 0;
		};
		26B3CE3C15ACB2EC00A8859D /* Frameworks */ = {
			isa = PBXFrameworksBuildPhase;
			buildActionMask = 2147483647;
			files = (
				26B3CE3D15ACB2EC00A8859D /* Foundation.framework in Frameworks */,
				26B3CE3E15ACB2EC00A8859D /* UIKit.framework in Frameworks */,
				26B3CE3F15ACB2EC00A8859D /* CFNetwork.framework in Frameworks */,
				26B3CE4015ACB2EC00A8859D /* CoreGraphics.framework in Frameworks */,
				26B3CE4115ACB2EC00A8859D /* CoreLocation.framework in Frameworks */,
				26B3CE4215ACB2EC00A8859D /* CoreMedia.framework in Frameworks */,
				26B3CE4315ACB2EC00A8859D /* QuartzCore.framework in Frameworks */,
				26B3CE4415ACB2EC00A8859D /* Security.framework in Frameworks */,
				26B3CE4515ACB2EC00A8859D /* MobileCoreServices.framework in Frameworks */,
				26B3CE4615ACB2EC00A8859D /* AddressBook.framework in Frameworks */,
				26B3CE4715ACB2EC00A8859D /* AddressBookUI.framework in Frameworks */,
				26B3CE4815ACB2EC00A8859D /* AudioToolbox.framework in Frameworks */,
				26B3CE4915ACB2EC00A8859D /* AVFoundation.framework in Frameworks */,
				26B3CE4A15ACB2EC00A8859D /* MediaPlayer.framework in Frameworks */,
				26B3CE4B15ACB2EC00A8859D /* SystemConfiguration.framework in Frameworks */,
				26B3CE4C15ACB2EC00A8859D /* SalesforceHybridSDK.framework in Frameworks */,
				26B3CE4D15ACB2EC00A8859D /* libz.dylib in Frameworks */,
				26E249DA15AE364700B2BA60 /* libTestFlight.a in Frameworks */,
			);
			runOnlyForDeploymentPostprocessing = 0;
		};
/* End PBXFrameworksBuildPhase section */

/* Begin PBXGroup section */
		263F78C71593E44600AB09B8 = {
			isa = PBXGroup;
			children = (
				263F78F61593E44700AB09B8 /* Contact-Viewer-iOS */,
				26E249D515AE364700B2BA60 /* TestFlightSDK1.0 */,
				263F78D71593E44700AB09B8 /* Frameworks */,
				263F78D51593E44700AB09B8 /* Products */,
			);
			sourceTree = "<group>";
		};
		263F78D51593E44700AB09B8 /* Products */ = {
			isa = PBXGroup;
			children = (
				263F78D41593E44700AB09B8 /* Contacts.app */,
				26B3CE6315ACB2EC00A8859D /* Contacts.app */,
			);
			name = Products;
			sourceTree = "<group>";
		};
		263F78D71593E44700AB09B8 /* Frameworks */ = {
			isa = PBXGroup;
			children = (
				263F791D1593E44900AB09B8 /* SalesforceHybridSDK.framework */,
				263F78D81593E44700AB09B8 /* Foundation.framework */,
				263F78DA1593E44700AB09B8 /* UIKit.framework */,
				263F78DC1593E44700AB09B8 /* CFNetwork.framework */,
				263F78DE1593E44700AB09B8 /* CoreGraphics.framework */,
				263F78E01593E44700AB09B8 /* CoreLocation.framework */,
				263F78E21593E44700AB09B8 /* CoreMedia.framework */,
				263F78E41593E44700AB09B8 /* QuartzCore.framework */,
				263F78E61593E44700AB09B8 /* Security.framework */,
				263F78E81593E44700AB09B8 /* MobileCoreServices.framework */,
				263F78EA1593E44700AB09B8 /* AddressBook.framework */,
				263F78EC1593E44700AB09B8 /* AddressBookUI.framework */,
				263F78EE1593E44700AB09B8 /* AudioToolbox.framework */,
				263F78F01593E44700AB09B8 /* AVFoundation.framework */,
				263F78F21593E44700AB09B8 /* MediaPlayer.framework */,
				263F78F41593E44700AB09B8 /* SystemConfiguration.framework */,
			);
			name = Frameworks;
			sourceTree = "<group>";
		};
		263F78F61593E44700AB09B8 /* Contact-Viewer-iOS */ = {
			isa = PBXGroup;
			children = (
				263F791F1593E44900AB09B8 /* libz.dylib */,
				263F793F1593E44900AB09B8 /* Settings.bundle */,
				263F79411593E44A00AB09B8 /* PhoneGapResources.bundle */,
				263F79211593E44900AB09B8 /* Resources */,
				263F79361593E44900AB09B8 /* Classes */,
				263F793A1593E44900AB09B8 /* Plugins */,
				263F78F71593E44700AB09B8 /* Supporting Files */,
			);
			path = "Contact-Viewer-iOS";
			sourceTree = "<group>";
		};
		263F78F71593E44700AB09B8 /* Supporting Files */ = {
			isa = PBXGroup;
			children = (
				26B3CE7A15ACCE9200A8859D /* Contact-Viewer-iOS-Info.plist */,
				263F78F91593E44700AB09B8 /* InfoPlist.strings */,
				263F78FC1593E44700AB09B8 /* main.m */,
				263F78FE1593E44700AB09B8 /* Contact-Viewer-iOS-Prefix.pch */,
				263F793D1593E44900AB09B8 /* PhoneGap.plist */,
			);
			name = "Supporting Files";
			sourceTree = "<group>";
		};
		263F79211593E44900AB09B8 /* Resources */ = {
			isa = PBXGroup;
			children = (
				263F79221593E44900AB09B8 /* icons */,
				263F79291593E44900AB09B8 /* splash */,
			);
			name = Resources;
			sourceTree = "<group>";
		};
		263F79221593E44900AB09B8 /* icons */ = {
			isa = PBXGroup;
			children = (
				263F79231593E44900AB09B8 /* icon-72.png */,
				263F79251593E44900AB09B8 /* icon.png */,
				263F79271593E44900AB09B8 /* icon@2x.png */,
			);
			name = icons;
			sourceTree = "<group>";
		};
		263F79291593E44900AB09B8 /* splash */ = {
			isa = PBXGroup;
			children = (
				263F792A1593E44900AB09B8 /* Default-Landscape~ipad.png */,
				263F792C1593E44900AB09B8 /* Default-Portrait~ipad.png */,
				263F792E1593E44900AB09B8 /* Default.png */,
				263F79301593E44900AB09B8 /* Default@2x.png */,
				263F79321593E44900AB09B8 /* Default~iPad.png */,
			);
			name = splash;
			sourceTree = "<group>";
		};
		263F79361593E44900AB09B8 /* Classes */ = {
			isa = PBXGroup;
			children = (
				263F79371593E44900AB09B8 /* AppDelegate.h */,
				263F79381593E44900AB09B8 /* AppDelegate.m */,
			);
			name = Classes;
			sourceTree = "<group>";
		};
		263F793A1593E44900AB09B8 /* Plugins */ = {
			isa = PBXGroup;
			children = (
			);
			name = Plugins;
			sourceTree = "<group>";
		};
		26E249D515AE364700B2BA60 /* TestFlightSDK1.0 */ = {
			isa = PBXGroup;
			children = (
				26E249D615AE364700B2BA60 /* libTestFlight.a */,
				26E249D715AE364700B2BA60 /* README.txt */,
				26E249D815AE364700B2BA60 /* release_notes.txt */,
				26E249D915AE364700B2BA60 /* TestFlight.h */,
			);
			path = TestFlightSDK1.0;
			sourceTree = "<group>";
		};
/* End PBXGroup section */

/* Begin PBXNativeTarget section */
		263F78D31593E44600AB09B8 /* Contacts Release */ = {
			isa = PBXNativeTarget;
			buildConfigurationList = 263F79451593E44A00AB09B8 /* Build configuration list for PBXNativeTarget "Contacts Release" */;
			buildPhases = (
				263F78CE1593E44600AB09B8 /* Sources */,
				263F78CF1593E44600AB09B8 /* Frameworks */,
				263F78D01593E44600AB09B8 /* Resources */,
				263F78D11593E44600AB09B8 /* Sources */,
				263F78D21593E44600AB09B8 /* CopyFiles */,
			);
			buildRules = (
			);
			dependencies = (
			);
			name = "Contacts Release";
			productName = "Contact-Viewer-iOS";
			productReference = 263F78D41593E44700AB09B8 /* Contacts.app */;
			productType = "com.apple.product-type.application";
		};
		26B3CE3815ACB2EC00A8859D /* Contacts Debug */ = {
			isa = PBXNativeTarget;
			buildConfigurationList = 26B3CE6015ACB2EC00A8859D /* Build configuration list for PBXNativeTarget "Contacts Debug" */;
			buildPhases = (
				26B3CE3915ACB2EC00A8859D /* Sources */,
				26B3CE3C15ACB2EC00A8859D /* Frameworks */,
				26B3CE4E15ACB2EC00A8859D /* Resources */,
				26B3CE5E15ACB2EC00A8859D /* Sources */,
				26B3CE5F15ACB2EC00A8859D /* CopyFiles */,
			);
			buildRules = (
			);
			dependencies = (
			);
			name = "Contacts Debug";
			productName = "Contact-Viewer-iOS";
			productReference = 26B3CE6315ACB2EC00A8859D /* Contacts.app */;
			productType = "com.apple.product-type.application";
		};
/* End PBXNativeTarget section */

/* Begin PBXProject section */
		263F78C91593E44600AB09B8 /* Project object */ = {
			isa = PBXProject;
			attributes = {
				LastUpgradeCheck = 0420;
			};
			buildConfigurationList = 263F78CC1593E44600AB09B8 /* Build configuration list for PBXProject "Contact-Viewer-iOS" */;
			compatibilityVersion = "Xcode 3.2";
			developmentRegion = English;
			hasScannedForEncodings = 0;
			knownRegions = (
				en,
			);
			mainGroup = 263F78C71593E44600AB09B8;
			productRefGroup = 263F78D51593E44700AB09B8 /* Products */;
			projectDirPath = "";
			projectRoot = "";
			targets = (
				26B3CE3815ACB2EC00A8859D /* Contacts Debug */,
				263F78D31593E44600AB09B8 /* Contacts Release */,
			);
		};
/* End PBXProject section */

/* Begin PBXResourcesBuildPhase section */
		263F78D01593E44600AB09B8 /* Resources */ = {
			isa = PBXResourcesBuildPhase;
			buildActionMask = 2147483647;
			files = (
				263F78FB1593E44700AB09B8 /* InfoPlist.strings in Resources */,
				263F78FF1593E44700AB09B8 /* Contact-Viewer-iOS-Prefix.pch in Resources */,
				263F79241593E44900AB09B8 /* icon-72.png in Resources */,
				263F79261593E44900AB09B8 /* icon.png in Resources */,
				263F79281593E44900AB09B8 /* icon@2x.png in Resources */,
				263F792B1593E44900AB09B8 /* Default-Landscape~ipad.png in Resources */,
				263F792D1593E44900AB09B8 /* Default-Portrait~ipad.png in Resources */,
				263F792F1593E44900AB09B8 /* Default.png in Resources */,
				263F79311593E44900AB09B8 /* Default@2x.png in Resources */,
				263F79331593E44900AB09B8 /* Default~iPad.png in Resources */,
				263F793E1593E44900AB09B8 /* PhoneGap.plist in Resources */,
				263F79401593E44900AB09B8 /* Settings.bundle in Resources */,
				263F79421593E44A00AB09B8 /* PhoneGapResources.bundle in Resources */,
			);
			runOnlyForDeploymentPostprocessing = 0;
		};
		26B3CE4E15ACB2EC00A8859D /* Resources */ = {
			isa = PBXResourcesBuildPhase;
			buildActionMask = 2147483647;
			files = (
				26B3CE4F15ACB2EC00A8859D /* InfoPlist.strings in Resources */,
				26B3CE5015ACB2EC00A8859D /* Contact-Viewer-iOS-Prefix.pch in Resources */,
				26B3CE5115ACB2EC00A8859D /* icon-72.png in Resources */,
				26B3CE5215ACB2EC00A8859D /* icon.png in Resources */,
				26B3CE5315ACB2EC00A8859D /* icon@2x.png in Resources */,
				26B3CE5415ACB2EC00A8859D /* Default-Landscape~ipad.png in Resources */,
				26B3CE5515ACB2EC00A8859D /* Default-Portrait~ipad.png in Resources */,
				26B3CE5615ACB2EC00A8859D /* Default.png in Resources */,
				26B3CE5715ACB2EC00A8859D /* Default@2x.png in Resources */,
				26B3CE5815ACB2EC00A8859D /* Default~iPad.png in Resources */,
				26B3CE5B15ACB2EC00A8859D /* PhoneGap.plist in Resources */,
				26B3CE5C15ACB2EC00A8859D /* Settings.bundle in Resources */,
				26B3CE5D15ACB2EC00A8859D /* PhoneGapResources.bundle in Resources */,
			);
			runOnlyForDeploymentPostprocessing = 0;
		};
/* End PBXResourcesBuildPhase section */

/* Begin PBXSourcesBuildPhase section */
		263F78CE1593E44600AB09B8 /* Sources */ = {
			isa = PBXSourcesBuildPhase;
			buildActionMask = 2147483647;
			files = (
				263F78FD1593E44700AB09B8 /* main.m in Sources */,
				263F79391593E44900AB09B8 /* AppDelegate.m in Sources */,
			);
			runOnlyForDeploymentPostprocessing = 0;
		};
		263F78D11593E44600AB09B8 /* Sources */ = {
			isa = PBXSourcesBuildPhase;
			buildActionMask = 2147483647;
			files = (
			);
			runOnlyForDeploymentPostprocessing = 0;
		};
		26B3CE3915ACB2EC00A8859D /* Sources */ = {
			isa = PBXSourcesBuildPhase;
			buildActionMask = 2147483647;
			files = (
				26B3CE3A15ACB2EC00A8859D /* main.m in Sources */,
				26B3CE3B15ACB2EC00A8859D /* AppDelegate.m in Sources */,
			);
			runOnlyForDeploymentPostprocessing = 0;
		};
		26B3CE5E15ACB2EC00A8859D /* Sources */ = {
			isa = PBXSourcesBuildPhase;
			buildActionMask = 2147483647;
			files = (
			);
			runOnlyForDeploymentPostprocessing = 0;
		};
/* End PBXSourcesBuildPhase section */

/* Begin PBXVariantGroup section */
		263F78F91593E44700AB09B8 /* InfoPlist.strings */ = {
			isa = PBXVariantGroup;
			children = (
				263F78FA1593E44700AB09B8 /* en */,
			);
			name = InfoPlist.strings;
			sourceTree = "<group>";
		};
/* End PBXVariantGroup section */

/* Begin XCBuildConfiguration section */
		263F79431593E44A00AB09B8 /* Debug */ = {
			isa = XCBuildConfiguration;
			buildSettings = {
				ALWAYS_SEARCH_USER_PATHS = YES;
				ARCHS = "$(ARCHS_STANDARD_32_BIT)";
				CODE_SIGN_IDENTITY = "iPhone Developer";
				COPY_PHASE_STRIP = NO;
				GCC_C_LANGUAGE_STANDARD = gnu99;
				GCC_DYNAMIC_NO_PIC = NO;
				GCC_OPTIMIZATION_LEVEL = 0;
				GCC_PREPROCESSOR_DEFINITIONS = (
					"DEBUG=1",
					"$(inherited)",
				);
				GCC_SYMBOLS_PRIVATE_EXTERN = NO;
				GCC_VERSION = com.apple.compilers.llvm.clang.1_0;
				GCC_WARN_ABOUT_MISSING_PROTOTYPES = YES;
				GCC_WARN_ABOUT_RETURN_TYPE = YES;
				GCC_WARN_UNUSED_VARIABLE = YES;
				IPHONEOS_DEPLOYMENT_TARGET = 5.0;
				OTHER_LDFLAGS = (
					"-ObjC",
					"-all_load",
				);
				SDKROOT = iphoneos;
				TARGETED_DEVICE_FAMILY = "1,2";
			};
			name = Debug;
		};
		263F79441593E44A00AB09B8 /* Release */ = {
			isa = XCBuildConfiguration;
			buildSettings = {
				ALWAYS_SEARCH_USER_PATHS = YES;
				ARCHS = "$(ARCHS_STANDARD_32_BIT)";
				CODE_SIGN_IDENTITY = "iPhone Developer";
				COPY_PHASE_STRIP = YES;
				GCC_C_LANGUAGE_STANDARD = gnu99;
				GCC_PREPROCESSOR_DEFINITIONS = "PHONEGAP_FRAMEWORK=YES";
				GCC_VERSION = com.apple.compilers.llvm.clang.1_0;
				GCC_WARN_ABOUT_MISSING_PROTOTYPES = YES;
				GCC_WARN_ABOUT_RETURN_TYPE = YES;
				GCC_WARN_UNUSED_VARIABLE = YES;
				IPHONEOS_DEPLOYMENT_TARGET = 5.0;
				OTHER_LDFLAGS = (
					"-ObjC",
					"-all_load",
				);
				SDKROOT = iphoneos;
				TARGETED_DEVICE_FAMILY = "1,2";
				VALIDATE_PRODUCT = YES;
			};
			name = Release;
		};
		263F79461593E44A00AB09B8 /* Debug */ = {
			isa = XCBuildConfiguration;
			buildSettings = {
				CODE_SIGN_IDENTITY = "iPhone Distribution";
				FRAMEWORK_SEARCH_PATHS = (
					"$(inherited)",
					"\"$(SRCROOT)/Contact-Viewer-iOS\"",
				);
				GCC_PRECOMPILE_PREFIX_HEADER = YES;
				GCC_PREFIX_HEADER = "Contact-Viewer-iOS/Contact-Viewer-iOS-Prefix.pch";
				INFOPLIST_FILE = "Contact-Viewer-iOS/Contact-Viewer-iOS-Info.plist";
				LIBRARY_SEARCH_PATHS = (
					"$(inherited)",
					"\"$(SRCROOT)/TestFlightSDK1.0\"",
				);
				PRODUCT_NAME = Contacts;
				PROVISIONING_PROFILE = "";
				WRAPPER_EXTENSION = app;
			};
			name = Debug;
		};
		263F79471593E44A00AB09B8 /* Release */ = {
			isa = XCBuildConfiguration;
			buildSettings = {
				CODE_SIGN_IDENTITY = "iPhone Distribution";
				FRAMEWORK_SEARCH_PATHS = (
					"$(inherited)",
					"\"$(SRCROOT)/Contact-Viewer-iOS\"",
				);
				GCC_PRECOMPILE_PREFIX_HEADER = YES;
				GCC_PREFIX_HEADER = "Contact-Viewer-iOS/Contact-Viewer-iOS-Prefix.pch";
				INFOPLIST_FILE = "Contact-Viewer-iOS/Contact-Viewer-iOS-Info.plist";
				LIBRARY_SEARCH_PATHS = (
					"$(inherited)",
					"\"$(SRCROOT)/TestFlightSDK1.0\"",
				);
				PRODUCT_NAME = Contacts;
				PROVISIONING_PROFILE = "";
				WRAPPER_EXTENSION = app;
			};
			name = Release;
		};
		26B3CE6115ACB2EC00A8859D /* Debug */ = {
			isa = XCBuildConfiguration;
			buildSettings = {
				CODE_SIGN_IDENTITY = "iPhone Developer";
				FRAMEWORK_SEARCH_PATHS = (
					"$(inherited)",
					"\"$(SRCROOT)/Contact-Viewer-iOS\"",
				);
				GCC_PRECOMPILE_PREFIX_HEADER = YES;
				GCC_PREFIX_HEADER = "Contact-Viewer-iOS/Contact-Viewer-iOS-Prefix.pch";
				INFOPLIST_FILE = "Contact-Viewer-iOS/Contact-Viewer-iOS-Info.plist";
				LIBRARY_SEARCH_PATHS = (
					"$(inherited)",
					"\"$(SRCROOT)/TestFlightSDK1.0\"",
				);
				PRODUCT_NAME = Contacts;
				PROVISIONING_PROFILE = "";
				WRAPPER_EXTENSION = app;
			};
			name = Debug;
		};
		26B3CE6215ACB2EC00A8859D /* Release */ = {
			isa = XCBuildConfiguration;
			buildSettings = {
				CODE_SIGN_IDENTITY = "iPhone Developer";
				FRAMEWORK_SEARCH_PATHS = (
					"$(inherited)",
					"\"$(SRCROOT)/Contact-Viewer-iOS\"",
				);
				GCC_PRECOMPILE_PREFIX_HEADER = YES;
				GCC_PREFIX_HEADER = "Contact-Viewer-iOS/Contact-Viewer-iOS-Prefix.pch";
				INFOPLIST_FILE = "Contact-Viewer-iOS/Contact-Viewer-iOS-Info.plist";
				LIBRARY_SEARCH_PATHS = (
					"$(inherited)",
					"\"$(SRCROOT)/TestFlightSDK1.0\"",
				);
				PRODUCT_NAME = Contacts;
				PROVISIONING_PROFILE = "";
				WRAPPER_EXTENSION = app;
			};
			name = Release;
		};
/* End XCBuildConfiguration section */

/* Begin XCConfigurationList section */
		263F78CC1593E44600AB09B8 /* Build configuration list for PBXProject "Contact-Viewer-iOS" */ = {
			isa = XCConfigurationList;
			buildConfigurations = (
				263F79431593E44A00AB09B8 /* Debug */,
				263F79441593E44A00AB09B8 /* Release */,
			);
			defaultConfigurationIsVisible = 0;
			defaultConfigurationName = Release;
		};
		263F79451593E44A00AB09B8 /* Build configuration list for PBXNativeTarget "Contacts Release" */ = {
			isa = XCConfigurationList;
			buildConfigurations = (
				263F79461593E44A00AB09B8 /* Debug */,
				263F79471593E44A00AB09B8 /* Release */,
			);
			defaultConfigurationIsVisible = 0;
			defaultConfigurationName = Release;
		};
		26B3CE6015ACB2EC00A8859D /* Build configuration list for PBXNativeTarget "Contacts Debug" */ = {
			isa = XCConfigurationList;
			buildConfigurations = (
				26B3CE6115ACB2EC00A8859D /* Debug */,
				26B3CE6215ACB2EC00A8859D /* Release */,
			);
			defaultConfigurationIsVisible = 0;
			defaultConfigurationName = Release;
		};
/* End XCConfigurationList section */
	};
	rootObject = 263F78C91593E44600AB09B8 /* Project object */;
}
